
Microsoft Visual Studio Solution File, Format Version 12.00
# Visual Studio Version 17
VisualStudioVersion = 17.7.34031.279
MinimumVisualStudioVersion = 10.0.40219.1
Project("{8BC9CEB8-8B4A-11D0-8D11-00A0C91BC942}") = "lab 1", "lab 1.vcxproj", "{92DD2643-A54B-439D-9E37-08524157BFED}"
EndProject
Global
	GlobalSection(SolutionConfigurationPlatforms) = preSolution
		Debug|x64 = Debug|x64
		Debug|x86 = Debug|x86
		Release|x64 = Release|x64
		Release|x86 = Release|x86
	EndGlobalSection
	GlobalSection(ProjectConfigurationPlatforms) = postSolution
		{92DD2643-A54B-439D-9E37-08524157BFED}.Debug|x64.ActiveCfg = Debug|x64
		{92DD2643-A54B-439D-9E37-08524157BFED}.Debug|x64.Build.0 = Debug|x64
		{92DD2643-A54B-439D-9E37-08524157BFED}.Debug|x86.ActiveCfg = Debug|Win32
		{92DD2643-A54B-439D-9E37-08524157BFED}.Debug|x86.Build.0 = Debug|Win32
		{92DD2643-A54B-439D-9E37-08524157BFED}.Release|x64.ActiveCfg = Release|x64
		{92DD2643-A54B-439D-9E37-08524157BFED}.Release|x64.Build.0 = Release|x64
		{92DD2643-A54B-439D-9E37-08524157BFED}.Release|x86.ActiveCfg = Release|Win32
		{92DD2643-A54B-439D-9E37-08524157BFED}.Release|x86.Build.0 = Release|Win32
	EndGlobalSection
	GlobalSection(SolutionProperties) = preSolution
		HideSolutionNode = FALSE
	EndGlobalSection
	GlobalSection(ExtensibilityGlobals) = postSolution
		SolutionGuid = {4F7E9260-515B-4486-90CC-55702BDC7407}
	EndGlobalSection
EndGlobal
